{
	"name": "lsp-sample-multi-server-client-part",
	"version": "0.0.1",
	"lockfileVersion": 1,
	"requires": true,
	"dependencies": {
		"@types/vscode": {
			"version": "1.35.0",
			"resolved": "https://registry.npmjs.org/@types/vscode/-/vscode-1.35.0.tgz",
			"integrity": "sha512-Iyliuu8Hv4qy4TEaevQzChh9UsTEcuaKdcHXBbvJnoJSF5Td2yNENOrPK+vuOaXJJBhQZb4BNJKOxt6caaQR8A==",
			"dev": true
		},
		"vscode-jsonrpc": {
			"version": "4.0.0",
			"resolved": "https://registry.npmjs.org/vscode-jsonrpc/-/vscode-jsonrpc-4.0.0.tgz",
			"integrity": "sha512-perEnXQdQOJMTDFNv+UF3h1Y0z4iSiaN9jIlb0OqIYgosPCZGYh/MCUlkFtV2668PL69lRDO32hmvL2yiidUYg=="
		},
		"vscode-languageclient": {
			"version": "4.4.2",
			"resolved": "https://registry.npmjs.org/vscode-languageclient/-/vscode-languageclient-4.4.2.tgz",
			"integrity": "sha512-9TUzsg1UM6n1UEyPlWbDf7tK1wJAK7UGFRmGDN8sz4KmbbDiVRh6YicaB/5oRSVTpuV47PdJpYlOl3SJ0RiK1Q==",
			"requires": {
				"vscode-languageserver-protocol": "^3.10.3"
			}
		},
		"vscode-languageserver-protocol": {
			"version": "3.14.1",
			"resolved": "https://registry.npmjs.org/vscode-languageserver-protocol/-/vscode-languageserver-protocol-3.14.1.tgz",
			"integrity": "sha512-IL66BLb2g20uIKog5Y2dQ0IiigW0XKrvmWiOvc0yXw80z3tMEzEnHjaGAb3ENuU7MnQqgnYJ1Cl2l9RvNgDi4g==",
			"requires": {
				"vscode-jsonrpc": "^4.0.0",
				"vscode-languageserver-types": "3.14.0"
			}
		},
		"vscode-languageserver-types": {
			"version": "3.14.0",
			"resolved": "https://registry.npmjs.org/vscode-languageserver-types/-/vscode-languageserver-types-3.14.0.tgz",
			"integrity": "sha512-lTmS6AlAlMHOvPQemVwo3CezxBp0sNB95KNPkqp3Nxd5VFEnuG1ByM0zlRWos0zjO3ZWtkvhal0COgiV1xIA4A=="
		}
	}
}
