{
	"name": "references-plusplus",
	"version": "0.0.5",
	"lockfileVersion": 1,
	"requires": true,
	"dependencies": {
		"@types/node": {
			"version": "6.14.6",
			"resolved": "https://registry.npmjs.org/@types/node/-/node-6.14.6.tgz",
			"integrity": "sha512-rFs9zCFtSHuseiNXxYxFlun8ibu+jtZPgRM+2ILCmeLiGeGLiIGxuOzD+cNyHegI1GD+da3R/cIbs9+xCLp13w==",
			"dev": true
		},
		"@types/vscode": {
			"version": "1.33.0",
			"resolved": "https://registry.npmjs.org/@types/vscode/-/vscode-1.33.0.tgz",
			"integrity": "sha512-JSmGiValbrcG5g20jjCfKakLiuWyrcjVezj+SEAEZ4klXQktE5EtowuGlkLVqbkiBK4iY5wy/4yW8OjecuHnjQ==",
			"dev": true
		},
		"balanced-match": {
			"version": "1.0.0",
			"resolved": "https://registry.npmjs.org/balanced-match/-/balanced-match-1.0.0.tgz",
			"integrity": "sha1-ibTRmasr7kneFk6gK4nORi1xt2c=",
			"dev": true
		},
		"brace-expansion": {
			"version": "1.1.11",
			"resolved": "https://registry.npmjs.org/brace-expansion/-/brace-expansion-1.1.11.tgz",
			"integrity": "sha512-iCuPHDFgrHX7H2vEI/5xpz07zSHB00TpugqhmYtVmMO6518mCuRMoOYFldEBl0g187ufozdaHgWKcYFb61qGiA==",
			"dev": true,
			"requires": {
				"balanced-match": "^1.0.0",
				"concat-map": "0.0.1"
			}
		},
		"colors": {
			"version": "1.3.2",
			"resolved": "https://registry.npmjs.org/colors/-/colors-1.3.2.tgz",
			"integrity": "sha512-rhP0JSBGYvpcNQj4s5AdShMeE5ahMop96cTeDl/v9qQQm2fYClE2QXZRi8wLzc+GmXSxdIqqbOIAhyObEXDbfQ==",
			"dev": true
		},
		"concat-map": {
			"version": "0.0.1",
			"resolved": "https://registry.npmjs.org/concat-map/-/concat-map-0.0.1.tgz",
			"integrity": "sha1-2Klr13/Wjfd5OnMDajug1UBdR3s=",
			"dev": true
		},
		"diff": {
			"version": "2.2.3",
			"resolved": "https://registry.npmjs.org/diff/-/diff-2.2.3.tgz",
			"integrity": "sha1-YOr9DSjukG5Oj/ClLBIpUhAzv5k=",
			"dev": true
		},
		"findup-sync": {
			"version": "0.3.0",
			"resolved": "https://registry.npmjs.org/findup-sync/-/findup-sync-0.3.0.tgz",
			"integrity": "sha1-N5MKpdgWt3fANEXhlmzGeQpMCxY=",
			"dev": true,
			"requires": {
				"glob": "~5.0.0"
			},
			"dependencies": {
				"glob": {
					"version": "5.0.15",
					"resolved": "https://registry.npmjs.org/glob/-/glob-5.0.15.tgz",
					"integrity": "sha1-G8k2ueAvSmA/zCIuz3Yz0wuLk7E=",
					"dev": true,
					"requires": {
						"inflight": "^1.0.4",
						"inherits": "2",
						"minimatch": "2 || 3",
						"once": "^1.3.0",
						"path-is-absolute": "^1.0.0"
					}
				}
			}
		},
		"fs.realpath": {
			"version": "1.0.0",
			"resolved": "https://registry.npmjs.org/fs.realpath/-/fs.realpath-1.0.0.tgz",
			"integrity": "sha1-FQStJSMVjKpA20onh8sBQRmU6k8=",
			"dev": true
		},
		"glob": {
			"version": "7.1.3",
			"resolved": "https://registry.npmjs.org/glob/-/glob-7.1.3.tgz",
			"integrity": "sha512-vcfuiIxogLV4DlGBHIUOwI0IbrJ8HWPc4MU7HzviGeNho/UJDfi6B5p3sHeWIQ0KGIU0Jpxi5ZHxemQfLkkAwQ==",
			"dev": true,
			"requires": {
				"fs.realpath": "^1.0.0",
				"inflight": "^1.0.4",
				"inherits": "2",
				"minimatch": "^3.0.4",
				"once": "^1.3.0",
				"path-is-absolute": "^1.0.0"
			}
		},
		"inflight": {
			"version": "1.0.6",
			"resolved": "https://registry.npmjs.org/inflight/-/inflight-1.0.6.tgz",
			"integrity": "sha1-Sb1jMdfQLQwJvJEKEHW6gWW1bfk=",
			"dev": true,
			"requires": {
				"once": "^1.3.0",
				"wrappy": "1"
			}
		},
		"inherits": {
			"version": "2.0.3",
			"resolved": "https://registry.npmjs.org/inherits/-/inherits-2.0.3.tgz",
			"integrity": "sha1-Yzwsg+PaQqUC9SRmAiSA9CCCYd4=",
			"dev": true
		},
		"minimatch": {
			"version": "3.0.4",
			"resolved": "https://registry.npmjs.org/minimatch/-/minimatch-3.0.4.tgz",
			"integrity": "sha512-yJHVQEhyqPLUTgt9B83PXu6W3rx4MvvHvSUvToogpwoGDOUQ+yDrR0HRot+yOCdCO7u4hX3pWft6kWBBcqh0UA==",
			"dev": true,
			"requires": {
				"brace-expansion": "^1.1.7"
			}
		},
		"minimist": {
			"version": "0.0.10",
			"resolved": "http://registry.npmjs.org/minimist/-/minimist-0.0.10.tgz",
			"integrity": "sha1-3j+YVD2/lggr5IrRoMfNqDYwHc8=",
			"dev": true
		},
		"once": {
			"version": "1.4.0",
			"resolved": "https://registry.npmjs.org/once/-/once-1.4.0.tgz",
			"integrity": "sha1-WDsap3WWHUsROsF9nFC6753Xa9E=",
			"dev": true,
			"requires": {
				"wrappy": "1"
			}
		},
		"optimist": {
			"version": "0.6.1",
			"resolved": "https://registry.npmjs.org/optimist/-/optimist-0.6.1.tgz",
			"integrity": "sha1-2j6nRob6IaGaERwybpDrFaAZZoY=",
			"dev": true,
			"requires": {
				"minimist": "~0.0.1",
				"wordwrap": "~0.0.2"
			}
		},
		"path-is-absolute": {
			"version": "1.0.1",
			"resolved": "http://registry.npmjs.org/path-is-absolute/-/path-is-absolute-1.0.1.tgz",
			"integrity": "sha1-F0uSaHNVNP+8es5r9TpanhtcX18=",
			"dev": true
		},
		"path-parse": {
			"version": "1.0.6",
			"resolved": "https://registry.npmjs.org/path-parse/-/path-parse-1.0.6.tgz",
			"integrity": "sha512-GSmOT2EbHrINBf9SR7CDELwlJ8AENk3Qn7OikK4nFYAu3Ote2+JYNVvkpAEQm3/TLNEJFD/xZJjzyxg3KBWOzw==",
			"dev": true
		},
		"resolve": {
			"version": "1.8.1",
			"resolved": "https://registry.npmjs.org/resolve/-/resolve-1.8.1.tgz",
			"integrity": "sha512-AicPrAC7Qu1JxPCZ9ZgCZlY35QgFnNqc+0LtbRNxnVw4TXvjQ72wnuL9JQcEBgXkI9JM8MsT9kaQoHcpCRJOYA==",
			"dev": true,
			"requires": {
				"path-parse": "^1.0.5"
			}
		},
		"sprintf-js": {
			"version": "1.1.1",
			"resolved": "https://registry.npmjs.org/sprintf-js/-/sprintf-js-1.1.1.tgz",
			"integrity": "sha1-Nr54Mgr+WAH2zqPueLblqrlA6gw=",
			"dev": true
		},
		"tslint": {
			"version": "3.15.1",
			"resolved": "https://registry.npmjs.org/tslint/-/tslint-3.15.1.tgz",
			"integrity": "sha1-2hZcqT2P3CwIa1EWXuG6y0jJjqU=",
			"dev": true,
			"requires": {
				"colors": "^1.1.2",
				"diff": "^2.2.1",
				"findup-sync": "~0.3.0",
				"glob": "^7.0.3",
				"optimist": "~0.6.0",
				"resolve": "^1.1.7",
				"underscore.string": "^3.3.4"
			}
		},
		"typescript": {
			"version": "3.4.5",
			"resolved": "https://registry.npmjs.org/typescript/-/typescript-3.4.5.tgz",
			"integrity": "sha512-YycBxUb49UUhdNMU5aJ7z5Ej2XGmaIBL0x34vZ82fn3hGvD+bgrMrVDpatgz2f7YxUMJxMkbWxJZeAvDxVe7Vw==",
			"dev": true
		},
		"underscore.string": {
			"version": "3.3.5",
			"resolved": "https://registry.npmjs.org/underscore.string/-/underscore.string-3.3.5.tgz",
			"integrity": "sha512-g+dpmgn+XBneLmXXo+sGlW5xQEt4ErkS3mgeN2GFbremYeMBSJKr9Wf2KJplQVaiPY/f7FN6atosWYNm9ovrYg==",
			"dev": true,
			"requires": {
				"sprintf-js": "^1.0.3",
				"util-deprecate": "^1.0.2"
			}
		},
		"util-deprecate": {
			"version": "1.0.2",
			"resolved": "https://registry.npmjs.org/util-deprecate/-/util-deprecate-1.0.2.tgz",
			"integrity": "sha1-RQ1Nyfpw3nMnYvvS1KKJgUGaDM8=",
			"dev": true
		},
		"wordwrap": {
			"version": "0.0.3",
			"resolved": "https://registry.npmjs.org/wordwrap/-/wordwrap-0.0.3.tgz",
			"integrity": "sha1-o9XabNXAvAAI03I0u68b7WMFkQc=",
			"dev": true
		},
		"wrappy": {
			"version": "1.0.2",
			"resolved": "https://registry.npmjs.org/wrappy/-/wrappy-1.0.2.tgz",
			"integrity": "sha1-tSQ9jz7BqjXxNkYFvA0QNuMKtp8=",
			"dev": true
		}
	}
}
