{
	"name": "lsp-sample",
	"version": "0.0.1",
	"lockfileVersion": 1,
	"requires": true,
	"dependencies": {
		"vscode-languageserver": {
			"version": "3.5.0",
			"resolved": "https://registry.npmjs.org/vscode-languageserver/-/vscode-languageserver-3.5.0.tgz",
			"integrity": "sha1-0oCZvG3dqMHdFrcH5FThsd2uDbo=",
			"requires": {
				"vscode-languageserver-protocol": "3.5.0",
				"vscode-uri": "1.0.1"
			},
			"dependencies": {
				"vscode-jsonrpc": {
					"version": "3.5.0",
					"resolved": "https://registry.npmjs.org/vscode-jsonrpc/-/vscode-jsonrpc-3.5.0.tgz",
					"integrity": "sha1-hyOdnhZrLXNSJFuKgTWXgEwdY6o="
				},
				"vscode-languageserver-protocol": {
					"version": "3.5.0",
					"resolved": "https://registry.npmjs.org/vscode-languageserver-protocol/-/vscode-languageserver-protocol-3.5.0.tgz",
					"integrity": "sha1-Bnxcvidwl5U5jRGWksl+u6FFIgk=",
					"requires": {
						"vscode-jsonrpc": "3.5.0",
						"vscode-languageserver-types": "3.5.0"
					}
				},
				"vscode-languageserver-types": {
					"version": "3.5.0",
					"resolved": "https://registry.npmjs.org/vscode-languageserver-types/-/vscode-languageserver-types-3.5.0.tgz",
					"integrity": "sha1-5I15li8LjgLelV4/UkkI4rGcA3Q="
				},
				"vscode-uri": {
					"version": "1.0.1",
					"resolved": "https://registry.npmjs.org/vscode-uri/-/vscode-uri-1.0.1.tgz",
					"integrity": "sha1-Eahr7+rDxKo+wIYjZRo8gabQu8g="
				}
			}
		}
	}
}
