{
	"name": "lsp-sample",
	"version": "0.0.1",
	"lockfileVersion": 1,
	"requires": true,
	"dependencies": {
		"vscode-jsonrpc": {
			"version": "3.6.1",
			"resolved": "https://registry.npmjs.org/vscode-jsonrpc/-/vscode-jsonrpc-3.6.1.tgz",
			"integrity": "sha512-+Eb+Dxf2kC2h079msx61hkblxAKE0S2j78+8QpnigLAO2aIIjkCwTIH34etBrU8E8VItRinec7YEwULx9at5bQ=="
		},
		"vscode-languageserver": {
			"version": "4.1.2",
			"resolved": "https://registry.npmjs.org/vscode-languageserver/-/vscode-languageserver-4.1.2.tgz",
			"integrity": "sha512-3iej2tuMaI9yirPXF7/fVyIvBhSzbwZ3EWFRb8bP6lc3tGv9SJHDaJLNyQMgo9J8CNpXil6dWarpJvGSA60v/w==",
			"requires": {
				"vscode-languageserver-protocol": "3.7.1",
				"vscode-uri": "1.0.3"
			}
		},
		"vscode-languageserver-protocol": {
			"version": "3.7.1",
			"resolved": "https://registry.npmjs.org/vscode-languageserver-protocol/-/vscode-languageserver-protocol-3.7.1.tgz",
			"integrity": "sha512-AKX9XQ49m/lpiDLZJBypFNc5eAXNlSecunYU5m4o5WIwGgW86TWnXVdziuFm47W2SdigDa/jVbxLPSNUeut9fQ==",
			"requires": {
				"vscode-jsonrpc": "3.6.1",
				"vscode-languageserver-types": "3.7.1"
			}
		},
		"vscode-languageserver-types": {
			"version": "3.7.1",
			"resolved": "https://registry.npmjs.org/vscode-languageserver-types/-/vscode-languageserver-types-3.7.1.tgz",
			"integrity": "sha512-ftGfU79AnnI3OHCG7kzCCN47jNI7BjECPAH2yhddtYTiQk0bnFbuFeQKvpXQcyNI3GsKEx5b6kSiBYshTiep6w=="
		},
		"vscode-uri": {
			"version": "1.0.3",
			"resolved": "https://registry.npmjs.org/vscode-uri/-/vscode-uri-1.0.3.tgz",
			"integrity": "sha1-Yxvb9xbcyrDmUpGo3CXCMjIIWlI="
		}
	}
}
