{
	"name": "lsp-sample-multi-server",
	"version": "1.0.0",
	"lockfileVersion": 1,
	"requires": true,
	"dependencies": {
		"@types/mocha": {
			"version": "5.2.1",
			"resolved": "https://registry.npmjs.org/@types/mocha/-/mocha-5.2.1.tgz",
			"integrity": "sha512-dOrgprHnkDaj1pmrwdcMAf0QRNQzqTB5rxJph+iIQshSmIvtgRqJ0nim8u1vvXU8iOXZrH96+M46JDFTPLingA==",
			"dev": true
		},
		"@types/node": {
			"version": "8.10.18",
			"resolved": "https://registry.npmjs.org/@types/node/-/node-8.10.18.tgz",
			"integrity": "sha512-WoepSz+wJlU5Bjq5oK6cO1oXe2FgPcjMtQPgKPS8fVaTAD0lxkScMCCbMimdkVCsykqaA4lvHWz3cmj28yimhA==",
			"dev": true
		},
		"typescript": {
			"version": "3.1.3",
			"resolved": "https://registry.npmjs.org/typescript/-/typescript-3.1.3.tgz",
			"integrity": "sha512-+81MUSyX+BaSo+u2RbozuQk/UWx6hfG0a5gHu4ANEM4sU96XbuIyAB+rWBW1u70c6a5QuZfuYICn3s2UjuHUpA==",
			"dev": true
		}
	}
}
