# THIS IS AN AUTOGENERATED FILE. DO NOT EDIT THIS FILE DIRECTLY.
# yarn lockfile v1


vscode-jsonrpc@^3.7.0-next.1:
  version "3.7.0-next.1"
  resolved "https://registry.yarnpkg.com/vscode-jsonrpc/-/vscode-jsonrpc-3.7.0-next.1.tgz#e7521cd8135006ba8bf57ebcedbf5b03ce17b23e"

vscode-languageserver-protocol@^3.13.0-next.1:
  version "3.13.0-next.2"
  resolved "https://registry.yarnpkg.com/vscode-languageserver-protocol/-/vscode-languageserver-protocol-3.13.0-next.2.tgz#7083e50d0d2096ba52de448082445b9c39081fdb"
  dependencies:
    vscode-jsonrpc "^3.7.0-next.1"
    vscode-languageserver-types "^3.13.0-next.1"

vscode-languageserver-types@^3.13.0-next.1:
  version "3.13.0-next.1"
  resolved "https://registry.yarnpkg.com/vscode-languageserver-types/-/vscode-languageserver-types-3.13.0-next.1.tgz#dd91b78b13a2a6c7131e8291e3db3183cf566280"

vscode-languageserver@^5.1.0-next.5:
  version "5.1.0-next.5"
  resolved "https://registry.yarnpkg.com/vscode-languageserver/-/vscode-languageserver-5.1.0-next.5.tgz#d343278b4de448a31f9db146b98638898c8d4f55"
  dependencies:
    vscode-languageserver-protocol "^3.13.0-next.1"
    vscode-uri "^1.0.5"

vscode-uri@^1.0.5:
  version "1.0.6"
  resolved "https://registry.yarnpkg.com/vscode-uri/-/vscode-uri-1.0.6.tgz#6b8f141b0bbc44ad7b07e94f82f168ac7608ad4d"
