{
	"name": "helloworld-minimal-sample",
	"version": "0.0.1",
	"lockfileVersion": 3,
	"requires": true,
	"packages": {
		"": {
			"name": "helloworld-minimal-sample",
			"version": "0.0.1",
			"devDependencies": {
				"@types/vscode": "^1.73.0"
			},
			"engines": {
				"vscode": "^1.74.0"
			}
		},
		"node_modules/@types/vscode": {
			"version": "1.90.0",
			"resolved": "https://registry.npmjs.org/@types/vscode/-/vscode-1.90.0.tgz",
			"integrity": "sha512-oT+ZJL7qHS9Z8bs0+WKf/kQ27qWYR3trsXpq46YDjFqBsMLG4ygGGjPaJ2tyrH0wJzjOEmDyg9PDJBBhWg9pkQ==",
			"dev": true
		}
	}
}
