{
	"name": "lsp-sample-server",
	"version": "1.0.0",
	"lockfileVersion": 2,
	"requires": true,
	"packages": {
		"": {
			"name": "lsp-sample-server",
			"version": "1.0.0",
			"license": "MIT",
			"dependencies": {
				"vscode-languageserver": "8.1.0-next.6",
				"vscode-languageserver-textdocument": "1.0.8"
			},
			"engines": {
				"node": "*"
			}
		},
		"node_modules/vscode-jsonrpc": {
			"version": "8.1.0-next.7",
			"resolved": "https://registry.npmjs.org/vscode-jsonrpc/-/vscode-jsonrpc-8.1.0-next.7.tgz",
			"integrity": "sha512-UJlY2e4wnI+GkaNYM2TERqrNvTe0XScny7lUA4f+F+z6XI5pDJnHj6udXiGJofT/tX57d8C6fnlfgrCfF6aptQ==",
			"engines": {
				"node": ">=14.0.0"
			}
		},
		"node_modules/vscode-languageserver": {
			"version": "8.1.0-next.6",
			"resolved": "https://registry.npmjs.org/vscode-languageserver/-/vscode-languageserver-8.1.0-next.6.tgz",
			"integrity": "sha512-YSj9fKN0FtVW95RKjcy8UheODK4YosqiZUkEbAgJJ0uMxR1Om1dhD/+QwYUKfJX/u8KLS/qFroMNVFHoPoc2hg==",
			"dependencies": {
				"vscode-languageserver-protocol": "3.17.3-next.6"
			},
			"bin": {
				"installServerIntoExtension": "bin/installServerIntoExtension"
			}
		},
		"node_modules/vscode-languageserver-protocol": {
			"version": "3.17.3-next.6",
			"resolved": "https://registry.npmjs.org/vscode-languageserver-protocol/-/vscode-languageserver-protocol-3.17.3-next.6.tgz",
			"integrity": "sha512-UCL2DaAOCzGFZKIAJ4wOS9BXVbeARL8GxXTW7ANnAXJg03IytNmOJcmguL6l+ht4CCdKNQbnRSJB4dh8cgDyJw==",
			"dependencies": {
				"vscode-jsonrpc": "8.1.0-next.7",
				"vscode-languageserver-types": "3.17.3-next.3"
			}
		},
		"node_modules/vscode-languageserver-textdocument": {
			"version": "1.0.8",
			"resolved": "https://registry.npmjs.org/vscode-languageserver-textdocument/-/vscode-languageserver-textdocument-1.0.8.tgz",
			"integrity": "sha512-1bonkGqQs5/fxGT5UchTgjGVnfysL0O8v1AYMBjqTbWQTFn721zaPGDYFkOKtfDgFiSgXM3KwaG3FMGfW4Ed9Q=="
		},
		"node_modules/vscode-languageserver-types": {
			"version": "3.17.3-next.3",
			"resolved": "https://registry.npmjs.org/vscode-languageserver-types/-/vscode-languageserver-types-3.17.3-next.3.tgz",
			"integrity": "sha512-R36Wi5sHoVc/PsAva0QGoEgw+LRCXPDKcdjFfgoVwrRdrFOdYUkvp5G4NvrPUsVT2f2qS/bSs6QiRxyjNkcR9A=="
		}
	},
	"dependencies": {
		"vscode-jsonrpc": {
			"version": "8.1.0-next.7",
			"resolved": "https://registry.npmjs.org/vscode-jsonrpc/-/vscode-jsonrpc-8.1.0-next.7.tgz",
			"integrity": "sha512-UJlY2e4wnI+GkaNYM2TERqrNvTe0XScny7lUA4f+F+z6XI5pDJnHj6udXiGJofT/tX57d8C6fnlfgrCfF6aptQ=="
		},
		"vscode-languageserver": {
			"version": "8.1.0-next.6",
			"resolved": "https://registry.npmjs.org/vscode-languageserver/-/vscode-languageserver-8.1.0-next.6.tgz",
			"integrity": "sha512-YSj9fKN0FtVW95RKjcy8UheODK4YosqiZUkEbAgJJ0uMxR1Om1dhD/+QwYUKfJX/u8KLS/qFroMNVFHoPoc2hg==",
			"requires": {
				"vscode-languageserver-protocol": "3.17.3-next.6"
			}
		},
		"vscode-languageserver-protocol": {
			"version": "3.17.3-next.6",
			"resolved": "https://registry.npmjs.org/vscode-languageserver-protocol/-/vscode-languageserver-protocol-3.17.3-next.6.tgz",
			"integrity": "sha512-UCL2DaAOCzGFZKIAJ4wOS9BXVbeARL8GxXTW7ANnAXJg03IytNmOJcmguL6l+ht4CCdKNQbnRSJB4dh8cgDyJw==",
			"requires": {
				"vscode-jsonrpc": "8.1.0-next.7",
				"vscode-languageserver-types": "3.17.3-next.3"
			}
		},
		"vscode-languageserver-textdocument": {
			"version": "1.0.8",
			"resolved": "https://registry.npmjs.org/vscode-languageserver-textdocument/-/vscode-languageserver-textdocument-1.0.8.tgz",
			"integrity": "sha512-1bonkGqQs5/fxGT5UchTgjGVnfysL0O8v1AYMBjqTbWQTFn721zaPGDYFkOKtfDgFiSgXM3KwaG3FMGfW4Ed9Q=="
		},
		"vscode-languageserver-types": {
			"version": "3.17.3-next.3",
			"resolved": "https://registry.npmjs.org/vscode-languageserver-types/-/vscode-languageserver-types-3.17.3-next.3.tgz",
			"integrity": "sha512-R36Wi5sHoVc/PsAva0QGoEgw+LRCXPDKcdjFfgoVwrRdrFOdYUkvp5G4NvrPUsVT2f2qS/bSs6QiRxyjNkcR9A=="
		}
	}
}
