{
	"name": "lsp-sample-server",
	"version": "1.0.0",
	"lockfileVersion": 2,
	"requires": true,
	"packages": {
		"": {
			"name": "lsp-sample-server",
			"version": "1.0.0",
			"license": "MIT",
			"dependencies": {
				"vscode-languageserver": "^5.1.0-next.5"
			},
			"engines": {
				"node": "*"
			}
		},
		"node_modules/vscode-jsonrpc": {
			"version": "3.7.0-next.1",
			"resolved": "https://registry.npmjs.org/vscode-jsonrpc/-/vscode-jsonrpc-3.7.0-next.1.tgz",
			"integrity": "sha512-Xlex/7wGhPHqzEy2wPOybsCG6r55j3DPYLX5Ezu81OyNpt5Nm0d7n6rs27RtEqPYocufpYPn5n6XdePPCCW03g==",
			"engines": {
				"node": ">=4.0.0 || >=6.0.0"
			}
		},
		"node_modules/vscode-languageserver": {
			"version": "5.1.0-next.5",
			"resolved": "https://registry.npmjs.org/vscode-languageserver/-/vscode-languageserver-5.1.0-next.5.tgz",
			"integrity": "sha512-XnMdubLzlHFw9KvP6srnTjHfqzjxyK0Tv/E0O5LWqoSlivN2siJQPZHkCywhZbN4s3nmD3Wt5N1b9vvG86xn8Q==",
			"dependencies": {
				"vscode-languageserver-protocol": "^3.13.0-next.1",
				"vscode-uri": "^1.0.5"
			},
			"bin": {
				"installServerIntoExtension": "bin/installServerIntoExtension"
			}
		},
		"node_modules/vscode-languageserver-protocol": {
			"version": "3.13.0-next.2",
			"resolved": "https://registry.npmjs.org/vscode-languageserver-protocol/-/vscode-languageserver-protocol-3.13.0-next.2.tgz",
			"integrity": "sha512-iJ4A5ILn/MSnRQnFOnyaGuAABGDVzgco5ExqPeHpUSuhJiFZ++I+TIhIByk0Yw3z/KZZsM+/ik5mQNZt31l0jA==",
			"dependencies": {
				"vscode-jsonrpc": "^3.7.0-next.1",
				"vscode-languageserver-types": "^3.13.0-next.1"
			}
		},
		"node_modules/vscode-languageserver-types": {
			"version": "3.13.0-next.1",
			"resolved": "https://registry.npmjs.org/vscode-languageserver-types/-/vscode-languageserver-types-3.13.0-next.1.tgz",
			"integrity": "sha512-Z6ZbWN+67dKjbTjKNohi/uoUS4vBIvzWIfOASdy5uhRqswIIywOU/SESdr4fWh94p+nsy9609SO6nSprgv9oJw=="
		},
		"node_modules/vscode-uri": {
			"version": "1.0.6",
			"resolved": "https://registry.npmjs.org/vscode-uri/-/vscode-uri-1.0.6.tgz",
			"integrity": "sha512-sLI2L0uGov3wKVb9EB+vIQBl9tVP90nqRvxSoJ35vI3NjxE8jfsE5DSOhWgSunHSZmKS4OCi2jrtfxK7uyp2ww=="
		}
	},
	"dependencies": {
		"vscode-jsonrpc": {
			"version": "3.7.0-next.1",
			"resolved": "https://registry.npmjs.org/vscode-jsonrpc/-/vscode-jsonrpc-3.7.0-next.1.tgz",
			"integrity": "sha512-Xlex/7wGhPHqzEy2wPOybsCG6r55j3DPYLX5Ezu81OyNpt5Nm0d7n6rs27RtEqPYocufpYPn5n6XdePPCCW03g=="
		},
		"vscode-languageserver": {
			"version": "5.1.0-next.5",
			"resolved": "https://registry.npmjs.org/vscode-languageserver/-/vscode-languageserver-5.1.0-next.5.tgz",
			"integrity": "sha512-XnMdubLzlHFw9KvP6srnTjHfqzjxyK0Tv/E0O5LWqoSlivN2siJQPZHkCywhZbN4s3nmD3Wt5N1b9vvG86xn8Q==",
			"requires": {
				"vscode-languageserver-protocol": "^3.13.0-next.1",
				"vscode-uri": "^1.0.5"
			}
		},
		"vscode-languageserver-protocol": {
			"version": "3.13.0-next.2",
			"resolved": "https://registry.npmjs.org/vscode-languageserver-protocol/-/vscode-languageserver-protocol-3.13.0-next.2.tgz",
			"integrity": "sha512-iJ4A5ILn/MSnRQnFOnyaGuAABGDVzgco5ExqPeHpUSuhJiFZ++I+TIhIByk0Yw3z/KZZsM+/ik5mQNZt31l0jA==",
			"requires": {
				"vscode-jsonrpc": "^3.7.0-next.1",
				"vscode-languageserver-types": "^3.13.0-next.1"
			}
		},
		"vscode-languageserver-types": {
			"version": "3.13.0-next.1",
			"resolved": "https://registry.npmjs.org/vscode-languageserver-types/-/vscode-languageserver-types-3.13.0-next.1.tgz",
			"integrity": "sha512-Z6ZbWN+67dKjbTjKNohi/uoUS4vBIvzWIfOASdy5uhRqswIIywOU/SESdr4fWh94p+nsy9609SO6nSprgv9oJw=="
		},
		"vscode-uri": {
			"version": "1.0.6",
			"resolved": "https://registry.npmjs.org/vscode-uri/-/vscode-uri-1.0.6.tgz",
			"integrity": "sha512-sLI2L0uGov3wKVb9EB+vIQBl9tVP90nqRvxSoJ35vI3NjxE8jfsE5DSOhWgSunHSZmKS4OCi2jrtfxK7uyp2ww=="
		}
	}
}
