{
	"name": "lsp-sample-client",
	"version": "0.0.1",
	"lockfileVersion": 1,
	"requires": true,
	"dependencies": {
		"@types/node": {
			"version": "12.20.21",
			"resolved": "https://registry.npmjs.org/@types/node/-/node-12.20.21.tgz",
			"integrity": "sha512-Qk7rOvV2A4vNgXNS88vEvbJE1NDFPCQ8AU+pNElrU2bA4yrRDef3fg3SUe+xkwyin3Bpg/Xh5JkNWTlsOcS2tA==",
			"dev": true
		},
		"@types/vscode": {
			"version": "1.43.0",
			"resolved": "https://registry.npmjs.org/@types/vscode/-/vscode-1.43.0.tgz",
			"integrity": "sha512-kIaR9qzd80rJOxePKpCB/mdy00mz8Apt2QA5Y6rdrKFn13QNFNeP3Hzmsf37Bwh/3cS7QjtAeGSK7wSqAU0sYQ==",
			"dev": true
		},
		"vscode-jsonrpc": {
			"version": "5.0.1",
			"resolved": "https://registry.npmjs.org/vscode-jsonrpc/-/vscode-jsonrpc-5.0.1.tgz",
			"integrity": "sha512-JvONPptw3GAQGXlVV2utDcHx0BiY34FupW/kI6mZ5x06ER5DdPG/tXWMVHjTNULF5uKPOUUD0SaXg5QaubJL0A=="
		},
		"vscode-languageclient": {
			"version": "6.1.3",
			"resolved": "https://registry.npmjs.org/vscode-languageclient/-/vscode-languageclient-6.1.3.tgz",
			"integrity": "sha512-YciJxk08iU5LmWu7j5dUt9/1OLjokKET6rME3cI4BRpiF6HZlusm2ZwPt0MYJ0lV5y43sZsQHhyon2xBg4ZJVA==",
			"requires": {
				"semver": "^6.3.0",
				"vscode-languageserver-protocol": "^3.15.3"
			},
			"dependencies": {
				"semver": {
					"version": "6.3.0",
					"resolved": "https://registry.npmjs.org/semver/-/semver-6.3.0.tgz",
					"integrity": "sha512-b39TBaTSfV6yBrapU89p5fKekE2m/NwnDocOVruQFS1/veMgdzuPcnOM34M6CwxW8jH/lxEa5rBoDeUwu5HHTw=="
				}
			}
		},
		"vscode-languageserver-protocol": {
			"version": "3.15.3",
			"resolved": "https://registry.npmjs.org/vscode-languageserver-protocol/-/vscode-languageserver-protocol-3.15.3.tgz",
			"integrity": "sha512-zrMuwHOAQRhjDSnflWdJG+O2ztMWss8GqUUB8dXLR/FPenwkiBNkMIJJYfSN6sgskvsF0rHAoBowNQfbyZnnvw==",
			"requires": {
				"vscode-jsonrpc": "^5.0.1",
				"vscode-languageserver-types": "3.15.1"
			}
		},
		"vscode-languageserver-types": {
			"version": "3.15.1",
			"resolved": "https://registry.npmjs.org/vscode-languageserver-types/-/vscode-languageserver-types-3.15.1.tgz",
			"integrity": "sha512-+a9MPUQrNGRrGU630OGbYVQ+11iOIovjCkqxajPa9w57Sd5ruK8WQNsslzpa0x/QJqC8kRc2DUxWjIFwoNm4ZQ=="
		}
	}
}
